
Microsoft Visual Studio Solution File, Format Version 12.00
# Visual Studio Version 17
VisualStudioVersion = 17.4.33205.214
MinimumVisualStudioVersion = 10.0.40219.1
Project("{FAE04EC0-301F-11D3-BF4B-00C04F79EFBC}") = "Home work 05.04.2023", "Home work 05.04.2023\Home work 05.04.2023.csproj", "{02BFD736-363E-4FF0-9E7F-BD1E9D9380EA}"
EndProject
Global
	GlobalSection(SolutionConfigurationPlatforms) = preSolution
		Debug|Any CPU = Debug|Any CPU
		Release|Any CPU = Release|Any CPU
	EndGlobalSection
	GlobalSection(ProjectConfigurationPlatforms) = postSolution
		{02BFD736-363E-4FF0-9E7F-BD1E9D9380EA}.Debug|Any CPU.ActiveCfg = Debug|Any CPU
		{02BFD736-363E-4FF0-9E7F-BD1E9D9380EA}.Debug|Any CPU.Build.0 = Debug|Any CPU
		{02BFD736-363E-4FF0-9E7F-BD1E9D9380EA}.Release|Any CPU.ActiveCfg = Release|Any CPU
		{02BFD736-363E-4FF0-9E7F-BD1E9D9380EA}.Release|Any CPU.Build.0 = Release|Any CPU
	EndGlobalSection
	GlobalSection(SolutionProperties) = preSolution
		HideSolutionNode = FALSE
	EndGlobalSection
	GlobalSection(ExtensibilityGlobals) = postSolution
		SolutionGuid = {D28082A0-8D9D-4BBD-9FD1-31BE13F72116}
	EndGlobalSection
EndGlobal
